// !$*UTF8*$!
{
	archiveVersion = 1;
	classes = {
	};
	objectVersion = 56;
	objects = {

/* Begin PBXBuildFile section */
		1115298E2D7DB012000D5521 /* AppDelegate.swift in Sources */ = {isa = PBXBuildFile; fileRef = 1115298D2D7DB012000D5521 /* AppDelegate.swift */; };
		111529902D7DB012000D5521 /* SceneDelegate.swift in Sources */ = {isa = PBXBuildFile; fileRef = 1115298F2D7DB012000D5521 /* SceneDelegate.swift */; };
		111529922D7DB012000D5521 /* ViewController.swift in Sources */ = {isa = PBXBuildFile; fileRef = 111529912D7DB012000D5521 /* ViewController.swift */; };
		111529972D7DB016000D5521 /* Assets.xcassets in Resources */ = {isa = PBXBuildFile; fileRef = 111529962D7DB016000D5521 /* Assets.xcassets */; };
		1115299A2D7DB016000D5521 /* Base in Resources */ = {isa = PBXBuildFile; fileRef = 111529992D7DB016000D5521 /* Base */; };
		111529A32D7DB24F000D5521 /* TabBarController.swift in Sources */ = {isa = PBXBuildFile; fileRef = 111529A22D7DB24F000D5521 /* TabBarController.swift */; };
		111529A62D7DB2B2000D5521 /* TrackersViewController.swift in Sources */ = {isa = PBXBuildFile; fileRef = 111529A52D7DB2B2000D5521 /* TrackersViewController.swift */; };
		111529A82D7DB2CC000D5521 /* TrackersPresenter.swift in Sources */ = {isa = PBXBuildFile; fileRef = 111529A72D7DB2CC000D5521 /* TrackersPresenter.swift */; };
		111529AA2D7DB312000D5521 /* StatisticsViewController.swift in Sources */ = {isa = PBXBuildFile; fileRef = 111529A92D7DB312000D5521 /* StatisticsViewController.swift */; };
		113295C02D806EBE006B6A4C /* Main.storyboard in Resources */ = {isa = PBXBuildFile; fileRef = 113295BF2D806EBE006B6A4C /* Main.storyboard */; };
		113295C32D807124006B6A4C /* TrackerCategory.swift in Sources */ = {isa = PBXBuildFile; fileRef = 113295C22D807124006B6A4C /* TrackerCategory.swift */; };
		113295C52D807154006B6A4C /* Tracker.swift in Sources */ = {isa = PBXBuildFile; fileRef = 113295C42D807154006B6A4C /* Tracker.swift */; };
		113295C82D807406006B6A4C /* TrackerService.swift in Sources */ = {isa = PBXBuildFile; fileRef = 113295C72D807406006B6A4C /* TrackerService.swift */; };
		113295CA2D807915006B6A4C /* TrackerTypeViewController.swift in Sources */ = {isa = PBXBuildFile; fileRef = 113295C92D807915006B6A4C /* TrackerTypeViewController.swift */; };
		113295CC2D807953006B6A4C /* TrackerTypePresenter.swift in Sources */ = {isa = PBXBuildFile; fileRef = 113295CB2D807953006B6A4C /* TrackerTypePresenter.swift */; };
		113295D22D807E0F006B6A4C /* TrackerType.swift in Sources */ = {isa = PBXBuildFile; fileRef = 113295D12D807E0F006B6A4C /* TrackerType.swift */; };
		113295DD2D808E1C006B6A4C /* TrackerCollectionViewCell.swift in Sources */ = {isa = PBXBuildFile; fileRef = 113295DC2D808E1C006B6A4C /* TrackerCollectionViewCell.swift */; };
		113295E02D808EED006B6A4C /* SupplementaryView.swift in Sources */ = {isa = PBXBuildFile; fileRef = 113295DF2D808EED006B6A4C /* SupplementaryView.swift */; };
		113295E42D809086006B6A4C /* TrackerRecord.swift in Sources */ = {isa = PBXBuildFile; fileRef = 113295E32D809086006B6A4C /* TrackerRecord.swift */; };
		113295E72D8092D9006B6A4C /* TableViewCell.swift in Sources */ = {isa = PBXBuildFile; fileRef = 113295E52D8092D9006B6A4C /* TableViewCell.swift */; };
		113295E82D8092D9006B6A4C /* TextFieldCell.swift in Sources */ = {isa = PBXBuildFile; fileRef = 113295E62D8092D9006B6A4C /* TextFieldCell.swift */; };
		11987F672D81E5A90084C3E8 /* AddHabitViewController.swift in Sources */ = {isa = PBXBuildFile; fileRef = 11987F662D81E5A90084C3E8 /* AddHabitViewController.swift */; };
		11987F6F2D81E6960084C3E8 /* AddHabitPresenter.swift in Sources */ = {isa = PBXBuildFile; fileRef = 11987F6E2D81E6960084C3E8 /* AddHabitPresenter.swift */; };
		11987F712D81E7980084C3E8 /* TimetableViewController.swift in Sources */ = {isa = PBXBuildFile; fileRef = 11987F702D81E7980084C3E8 /* TimetableViewController.swift */; };
		11987F732D81E7C30084C3E8 /* TimetablePresenter.swift in Sources */ = {isa = PBXBuildFile; fileRef = 11987F722D81E7C30084C3E8 /* TimetablePresenter.swift */; };
		11987F7E2D81EB620084C3E8 /* Extensions.swift in Sources */ = {isa = PBXBuildFile; fileRef = 11987F7D2D81EB620084C3E8 /* Extensions.swift */; };
		11F841E02D94847400A7737D /* TrackerCellViewModel.swift in Sources */ = {isa = PBXBuildFile; fileRef = 11F841DF2D94847400A7737D /* TrackerCellViewModel.swift */; };
		11F841E22D94851E00A7737D /* ResizableCollectionView.swift in Sources */ = {isa = PBXBuildFile; fileRef = 11F841E12D94851E00A7737D /* ResizableCollectionView.swift */; };
		11F841E42D94855800A7737D /* CollectionCell.swift in Sources */ = {isa = PBXBuildFile; fileRef = 11F841E32D94855800A7737D /* CollectionCell.swift */; };
		11F841E62D94858500A7737D /* IconsCollectionViewCell.swift in Sources */ = {isa = PBXBuildFile; fileRef = 11F841E52D94858500A7737D /* IconsCollectionViewCell.swift */; };
		11F841E82D9485AA00A7737D /* ColorsCollectionViewCell.swift in Sources */ = {isa = PBXBuildFile; fileRef = 11F841E72D9485AA00A7737D /* ColorsCollectionViewCell.swift */; };
		11F841EB2D94868300A7737D /* TrackerStore.swift in Sources */ = {isa = PBXBuildFile; fileRef = 11F841EA2D94868300A7737D /* TrackerStore.swift */; };
		11F841ED2D94869B00A7737D /* TrackerCategoryStore.swift in Sources */ = {isa = PBXBuildFile; fileRef = 11F841EC2D94869B00A7737D /* TrackerCategoryStore.swift */; };
		11F841EF2D9486B200A7737D /* TrackerRecordStore.swift in Sources */ = {isa = PBXBuildFile; fileRef = 11F841EE2D9486B200A7737D /* TrackerRecordStore.swift */; };
		11F841F22D9486D000A7737D /* Model.xcdatamodeld in Sources */ = {isa = PBXBuildFile; fileRef = 11F841F02D9486D000A7737D /* Model.xcdatamodeld */; };
		11F841F52D94870700A7737D /* TrackerRecordCoreData+CoreDataClass.swift in Sources */ = {isa = PBXBuildFile; fileRef = 11F841F42D94870700A7737D /* TrackerRecordCoreData+CoreDataClass.swift */; };
		11F841F72D94871F00A7737D /* TrackerRecordCoreData+CoreDataProperties.swift in Sources */ = {isa = PBXBuildFile; fileRef = 11F841F62D94871E00A7737D /* TrackerRecordCoreData+CoreDataProperties.swift */; };
		11F841F92D94872000A7737D /* TrackerCoreData+CoreDataClass.swift in Sources */ = {isa = PBXBuildFile; fileRef = 11F841F82D94872000A7737D /* TrackerCoreData+CoreDataClass.swift */; };
		11F841FB2D94872200A7737D /* TrackerCoreData+CoreDataProperties.swift in Sources */ = {isa = PBXBuildFile; fileRef = 11F841FA2D94872200A7737D /* TrackerCoreData+CoreDataProperties.swift */; };
		11F841FD2D94872400A7737D /* TrackerCategoryCoreData+CoreDataClass.swift in Sources */ = {isa = PBXBuildFile; fileRef = 11F841FC2D94872400A7737D /* TrackerCategoryCoreData+CoreDataClass.swift */; };
		11F841FF2D94872500A7737D /* TrackerCategoryCoreData+CoreDataProperties.swift in Sources */ = {isa = PBXBuildFile; fileRef = 11F841FE2D94872500A7737D /* TrackerCategoryCoreData+CoreDataProperties.swift */; };
		11F842012D94882100A7737D /* Protocols.swift in Sources */ = {isa = PBXBuildFile; fileRef = 11F842002D94882100A7737D /* Protocols.swift */; };
		11F842032D94882B00A7737D /* Delegates.swift in Sources */ = {isa = PBXBuildFile; fileRef = 11F842022D94882B00A7737D /* Delegates.swift */; };
		11F842052D94887500A7737D /* TrackerServiceUpdate.swift in Sources */ = {isa = PBXBuildFile; fileRef = 11F842042D94887500A7737D /* TrackerServiceUpdate.swift */; };
/* End PBXBuildFile section */

/* Begin PBXFileReference section */
		1115298A2D7DB012000D5521 /* Tracker.app */ = {isa = PBXFileReference; explicitFileType = wrapper.application; includeInIndex = 0; path = Tracker.app; sourceTree = BUILT_PRODUCTS_DIR; };
		1115298D2D7DB012000D5521 /* AppDelegate.swift */ = {isa = PBXFileReference; lastKnownFileType = sourcecode.swift; path = AppDelegate.swift; sourceTree = "<group>"; };
		1115298F2D7DB012000D5521 /* SceneDelegate.swift */ = {isa = PBXFileReference; lastKnownFileType = sourcecode.swift; path = SceneDelegate.swift; sourceTree = "<group>"; };
		111529912D7DB012000D5521 /* ViewController.swift */ = {isa = PBXFileReference; lastKnownFileType = sourcecode.swift; path = ViewController.swift; sourceTree = "<group>"; };
		111529962D7DB016000D5521 /* Assets.xcassets */ = {isa = PBXFileReference; lastKnownFileType = folder.assetcatalog; path = Assets.xcassets; sourceTree = "<group>"; };
		111529992D7DB016000D5521 /* Base */ = {isa = PBXFileReference; lastKnownFileType = file.storyboard; name = Base; path = Base.lproj/LaunchScreen.storyboard; sourceTree = "<group>"; };
		1115299B2D7DB016000D5521 /* Info.plist */ = {isa = PBXFileReference; lastKnownFileType = text.plist.xml; path = Info.plist; sourceTree = "<group>"; };
		111529A22D7DB24F000D5521 /* TabBarController.swift */ = {isa = PBXFileReference; lastKnownFileType = sourcecode.swift; path = TabBarController.swift; sourceTree = "<group>"; };
		111529A52D7DB2B2000D5521 /* TrackersViewController.swift */ = {isa = PBXFileReference; lastKnownFileType = sourcecode.swift; path = TrackersViewController.swift; sourceTree = "<group>"; };
		111529A72D7DB2CC000D5521 /* TrackersPresenter.swift */ = {isa = PBXFileReference; lastKnownFileType = sourcecode.swift; path = TrackersPresenter.swift; sourceTree = "<group>"; };
		111529A92D7DB312000D5521 /* StatisticsViewController.swift */ = {isa = PBXFileReference; lastKnownFileType = sourcecode.swift; path = StatisticsViewController.swift; sourceTree = "<group>"; };
		113295BF2D806EBE006B6A4C /* Main.storyboard */ = {isa = PBXFileReference; fileEncoding = 4; lastKnownFileType = file.storyboard; path = Main.storyboard; sourceTree = "<group>"; };
		113295C22D807124006B6A4C /* TrackerCategory.swift */ = {isa = PBXFileReference; lastKnownFileType = sourcecode.swift; path = TrackerCategory.swift; sourceTree = "<group>"; };
		113295C42D807154006B6A4C /* Tracker.swift */ = {isa = PBXFileReference; lastKnownFileType = sourcecode.swift; path = Tracker.swift; sourceTree = "<group>"; };
		113295C72D807406006B6A4C /* TrackerService.swift */ = {isa = PBXFileReference; lastKnownFileType = sourcecode.swift; path = TrackerService.swift; sourceTree = "<group>"; };
		113295C92D807915006B6A4C /* TrackerTypeViewController.swift */ = {isa = PBXFileReference; lastKnownFileType = sourcecode.swift; path = TrackerTypeViewController.swift; sourceTree = "<group>"; };
		113295CB2D807953006B6A4C /* TrackerTypePresenter.swift */ = {isa = PBXFileReference; lastKnownFileType = sourcecode.swift; path = TrackerTypePresenter.swift; sourceTree = "<group>"; };
		113295D12D807E0F006B6A4C /* TrackerType.swift */ = {isa = PBXFileReference; lastKnownFileType = sourcecode.swift; path = TrackerType.swift; sourceTree = "<group>"; };
		113295DC2D808E1C006B6A4C /* TrackerCollectionViewCell.swift */ = {isa = PBXFileReference; lastKnownFileType = sourcecode.swift; path = TrackerCollectionViewCell.swift; sourceTree = "<group>"; };
		113295DF2D808EED006B6A4C /* SupplementaryView.swift */ = {isa = PBXFileReference; lastKnownFileType = sourcecode.swift; path = SupplementaryView.swift; sourceTree = "<group>"; };
		113295E32D809086006B6A4C /* TrackerRecord.swift */ = {isa = PBXFileReference; lastKnownFileType = sourcecode.swift; path = TrackerRecord.swift; sourceTree = "<group>"; };
		113295E52D8092D9006B6A4C /* TableViewCell.swift */ = {isa = PBXFileReference; fileEncoding = 4; lastKnownFileType = sourcecode.swift; path = TableViewCell.swift; sourceTree = "<group>"; };
		113295E62D8092D9006B6A4C /* TextFieldCell.swift */ = {isa = PBXFileReference; fileEncoding = 4; lastKnownFileType = sourcecode.swift; path = TextFieldCell.swift; sourceTree = "<group>"; };
		11987F662D81E5A90084C3E8 /* AddHabitViewController.swift */ = {isa = PBXFileReference; lastKnownFileType = sourcecode.swift; path = AddHabitViewController.swift; sourceTree = "<group>"; };
		11987F6E2D81E6960084C3E8 /* AddHabitPresenter.swift */ = {isa = PBXFileReference; lastKnownFileType = sourcecode.swift; path = AddHabitPresenter.swift; sourceTree = "<group>"; };
		11987F702D81E7980084C3E8 /* TimetableViewController.swift */ = {isa = PBXFileReference; lastKnownFileType = sourcecode.swift; path = TimetableViewController.swift; sourceTree = "<group>"; };
		11987F722D81E7C30084C3E8 /* TimetablePresenter.swift */ = {isa = PBXFileReference; lastKnownFileType = sourcecode.swift; path = TimetablePresenter.swift; sourceTree = "<group>"; };
		11987F7D2D81EB620084C3E8 /* Extensions.swift */ = {isa = PBXFileReference; lastKnownFileType = sourcecode.swift; path = Extensions.swift; sourceTree = "<group>"; };
		11F841DF2D94847400A7737D /* TrackerCellViewModel.swift */ = {isa = PBXFileReference; lastKnownFileType = sourcecode.swift; path = TrackerCellViewModel.swift; sourceTree = "<group>"; };
		11F841E12D94851E00A7737D /* ResizableCollectionView.swift */ = {isa = PBXFileReference; lastKnownFileType = sourcecode.swift; path = ResizableCollectionView.swift; sourceTree = "<group>"; };
		11F841E32D94855800A7737D /* CollectionCell.swift */ = {isa = PBXFileReference; lastKnownFileType = sourcecode.swift; path = CollectionCell.swift; sourceTree = "<group>"; };
		11F841E52D94858500A7737D /* IconsCollectionViewCell.swift */ = {isa = PBXFileReference; lastKnownFileType = sourcecode.swift; path = IconsCollectionViewCell.swift; sourceTree = "<group>"; };
		11F841E72D9485AA00A7737D /* ColorsCollectionViewCell.swift */ = {isa = PBXFileReference; lastKnownFileType = sourcecode.swift; path = ColorsCollectionViewCell.swift; sourceTree = "<group>"; };
		11F841EA2D94868300A7737D /* TrackerStore.swift */ = {isa = PBXFileReference; lastKnownFileType = sourcecode.swift; path = TrackerStore.swift; sourceTree = "<group>"; };
		11F841EC2D94869B00A7737D /* TrackerCategoryStore.swift */ = {isa = PBXFileReference; lastKnownFileType = sourcecode.swift; path = TrackerCategoryStore.swift; sourceTree = "<group>"; };
		11F841EE2D9486B200A7737D /* TrackerRecordStore.swift */ = {isa = PBXFileReference; lastKnownFileType = sourcecode.swift; path = TrackerRecordStore.swift; sourceTree = "<group>"; };
		11F841F12D9486D000A7737D /* Model.xcdatamodel */ = {isa = PBXFileReference; lastKnownFileType = wrapper.xcdatamodel; path = Model.xcdatamodel; sourceTree = "<group>"; };
		11F841F42D94870700A7737D /* TrackerRecordCoreData+CoreDataClass.swift */ = {isa = PBXFileReference; lastKnownFileType = sourcecode.swift; path = "TrackerRecordCoreData+CoreDataClass.swift"; sourceTree = "<group>"; };
		11F841F62D94871E00A7737D /* TrackerRecordCoreData+CoreDataProperties.swift */ = {isa = PBXFileReference; lastKnownFileType = sourcecode.swift; path = "TrackerRecordCoreData+CoreDataProperties.swift"; sourceTree = "<group>"; };
		11F841F82D94872000A7737D /* TrackerCoreData+CoreDataClass.swift */ = {isa = PBXFileReference; lastKnownFileType = sourcecode.swift; path = "TrackerCoreData+CoreDataClass.swift"; sourceTree = "<group>"; };
		11F841FA2D94872200A7737D /* TrackerCoreData+CoreDataProperties.swift */ = {isa = PBXFileReference; lastKnownFileType = sourcecode.swift; path = "TrackerCoreData+CoreDataProperties.swift"; sourceTree = "<group>"; };
		11F841FC2D94872400A7737D /* TrackerCategoryCoreData+CoreDataClass.swift */ = {isa = PBXFileReference; lastKnownFileType = sourcecode.swift; path = "TrackerCategoryCoreData+CoreDataClass.swift"; sourceTree = "<group>"; };
		11F841FE2D94872500A7737D /* TrackerCategoryCoreData+CoreDataProperties.swift */ = {isa = PBXFileReference; lastKnownFileType = sourcecode.swift; path = "TrackerCategoryCoreData+CoreDataProperties.swift"; sourceTree = "<group>"; };
		11F842002D94882100A7737D /* Protocols.swift */ = {isa = PBXFileReference; lastKnownFileType = sourcecode.swift; path = Protocols.swift; sourceTree = "<group>"; };
		11F842022D94882B00A7737D /* Delegates.swift */ = {isa = PBXFileReference; lastKnownFileType = sourcecode.swift; path = Delegates.swift; sourceTree = "<group>"; };
		11F842042D94887500A7737D /* TrackerServiceUpdate.swift */ = {isa = PBXFileReference; lastKnownFileType = sourcecode.swift; path = TrackerServiceUpdate.swift; sourceTree = "<group>"; };
/* End PBXFileReference section */

/* Begin PBXFrameworksBuildPhase section */
		111529872D7DB012000D5521 /* Frameworks */ = {
			isa = PBXFrameworksBuildPhase;
			buildActionMask = 2147483647;
			files = (
			);
			runOnlyForDeploymentPostprocessing = 0;
		};
/* End PBXFrameworksBuildPhase section */

/* Begin PBXGroup section */
		111529812D7DB011000D5521 = {
			isa = PBXGroup;
			children = (
				1115298C2D7DB012000D5521 /* Tracker */,
				1115298B2D7DB012000D5521 /* Products */,
			);
			sourceTree = "<group>";
		};
		1115298B2D7DB012000D5521 /* Products */ = {
			isa = PBXGroup;
			children = (
				1115298A2D7DB012000D5521 /* Tracker.app */,
			);
			name = Products;
			sourceTree = "<group>";
		};
		1115298C2D7DB012000D5521 /* Tracker */ = {
			isa = PBXGroup;
			children = (
				11F841E92D94866800A7737D /* CoreData */,
				11987F7C2D81EA5E0084C3E8 /* Extensions */,
				113295C62D8073D8006B6A4C /* Services */,
				113295C12D807112006B6A4C /* Models */,
				111529AB2D7DF5B1000D5521 /* Protocols */,
				111529A42D7DB295000D5521 /* Presenters */,
				111529A12D7DB23D000D5521 /* Controllers */,
				113295DE2D808EDA006B6A4C /* Views */,
				1115298D2D7DB012000D5521 /* AppDelegate.swift */,
				1115298F2D7DB012000D5521 /* SceneDelegate.swift */,
				111529912D7DB012000D5521 /* ViewController.swift */,
				111529962D7DB016000D5521 /* Assets.xcassets */,
				111529982D7DB016000D5521 /* LaunchScreen.storyboard */,
				113295BF2D806EBE006B6A4C /* Main.storyboard */,
				1115299B2D7DB016000D5521 /* Info.plist */,
			);
			path = Tracker;
			sourceTree = "<group>";
		};
		111529A12D7DB23D000D5521 /* Controllers */ = {
			isa = PBXGroup;
			children = (
				111529A22D7DB24F000D5521 /* TabBarController.swift */,
				111529A52D7DB2B2000D5521 /* TrackersViewController.swift */,
				111529A92D7DB312000D5521 /* StatisticsViewController.swift */,
				113295C92D807915006B6A4C /* TrackerTypeViewController.swift */,
				113295DC2D808E1C006B6A4C /* TrackerCollectionViewCell.swift */,
				11987F662D81E5A90084C3E8 /* AddHabitViewController.swift */,
				11987F702D81E7980084C3E8 /* TimetableViewController.swift */,
			);
			path = Controllers;
			sourceTree = "<group>";
		};
		111529A42D7DB295000D5521 /* Presenters */ = {
			isa = PBXGroup;
			children = (
				111529A72D7DB2CC000D5521 /* TrackersPresenter.swift */,
				113295CB2D807953006B6A4C /* TrackerTypePresenter.swift */,
				11987F6E2D81E6960084C3E8 /* AddHabitPresenter.swift */,
				11987F722D81E7C30084C3E8 /* TimetablePresenter.swift */,
			);
			path = Presenters;
			sourceTree = "<group>";
		};
		111529AB2D7DF5B1000D5521 /* Protocols */ = {
			isa = PBXGroup;
			children = (
				11F842002D94882100A7737D /* Protocols.swift */,
				11F842022D94882B00A7737D /* Delegates.swift */,
			);
			path = Protocols;
			sourceTree = "<group>";
		};
		113295C12D807112006B6A4C /* Models */ = {
			isa = PBXGroup;
			children = (
				113295C22D807124006B6A4C /* TrackerCategory.swift */,
				113295C42D807154006B6A4C /* Tracker.swift */,
				113295D12D807E0F006B6A4C /* TrackerType.swift */,
				113295E32D809086006B6A4C /* TrackerRecord.swift */,
				11F841DF2D94847400A7737D /* TrackerCellViewModel.swift */,
				11F842042D94887500A7737D /* TrackerServiceUpdate.swift */,
			);
			path = Models;
			sourceTree = "<group>";
		};
		113295C62D8073D8006B6A4C /* Services */ = {
			isa = PBXGroup;
			children = (
				113295C72D807406006B6A4C /* TrackerService.swift */,
			);
			path = Services;
			sourceTree = "<group>";
		};
		113295DE2D808EDA006B6A4C /* Views */ = {
			isa = PBXGroup;
			children = (
				113295E52D8092D9006B6A4C /* TableViewCell.swift */,
				113295E62D8092D9006B6A4C /* TextFieldCell.swift */,
				113295DF2D808EED006B6A4C /* SupplementaryView.swift */,
				11F841E12D94851E00A7737D /* ResizableCollectionView.swift */,
				11F841E32D94855800A7737D /* CollectionCell.swift */,
				11F841E52D94858500A7737D /* IconsCollectionViewCell.swift */,
				11F841E72D9485AA00A7737D /* ColorsCollectionViewCell.swift */,
			);
			path = Views;
			sourceTree = "<group>";
		};
		11987F7C2D81EA5E0084C3E8 /* Extensions */ = {
			isa = PBXGroup;
			children = (
				11987F7D2D81EB620084C3E8 /* Extensions.swift */,
			);
			path = Extensions;
			sourceTree = "<group>";
		};
		11F841E92D94866800A7737D /* CoreData */ = {
			isa = PBXGroup;
			children = (
				11F841EA2D94868300A7737D /* TrackerStore.swift */,
				11F841EC2D94869B00A7737D /* TrackerCategoryStore.swift */,
				11F841EE2D9486B200A7737D /* TrackerRecordStore.swift */,
				11F841F02D9486D000A7737D /* Model.xcdatamodeld */,
				11F841F32D9486EF00A7737D /* NSManagedObjectSubclass */,
			);
			path = CoreData;
			sourceTree = "<group>";
		};
		11F841F32D9486EF00A7737D /* NSManagedObjectSubclass */ = {
			isa = PBXGroup;
			children = (
				11F841F42D94870700A7737D /* TrackerRecordCoreData+CoreDataClass.swift */,
				11F841F62D94871E00A7737D /* TrackerRecordCoreData+CoreDataProperties.swift */,
				11F841F82D94872000A7737D /* TrackerCoreData+CoreDataClass.swift */,
				11F841FA2D94872200A7737D /* TrackerCoreData+CoreDataProperties.swift */,
				11F841FC2D94872400A7737D /* TrackerCategoryCoreData+CoreDataClass.swift */,
				11F841FE2D94872500A7737D /* TrackerCategoryCoreData+CoreDataProperties.swift */,
			);
			path = NSManagedObjectSubclass;
			sourceTree = "<group>";
		};
/* End PBXGroup section */

/* Begin PBXNativeTarget section */
		111529892D7DB012000D5521 /* Tracker */ = {
			isa = PBXNativeTarget;
			buildConfigurationList = 1115299E2D7DB016000D5521 /* Build configuration list for PBXNativeTarget "Tracker" */;
			buildPhases = (
				111529862D7DB012000D5521 /* Sources */,
				111529872D7DB012000D5521 /* Frameworks */,
				111529882D7DB012000D5521 /* Resources */,
			);
			buildRules = (
			);
			dependencies = (
			);
			name = Tracker;
			productName = Tracker;
			productReference = 1115298A2D7DB012000D5521 /* Tracker.app */;
			productType = "com.apple.product-type.application";
		};
/* End PBXNativeTarget section */

/* Begin PBXProject section */
		111529822D7DB011000D5521 /* Project object */ = {
			isa = PBXProject;
			attributes = {
				BuildIndependentTargetsInParallel = 1;
				LastSwiftUpdateCheck = 1540;
				LastUpgradeCheck = 1540;
				TargetAttributes = {
					111529892D7DB012000D5521 = {
						CreatedOnToolsVersion = 15.4;
					};
				};
			};
			buildConfigurationList = 111529852D7DB011000D5521 /* Build configuration list for PBXProject "Tracker" */;
			compatibilityVersion = "Xcode 14.0";
			developmentRegion = en;
			hasScannedForEncodings = 0;
			knownRegions = (
				en,
				Base,
			);
			mainGroup = 111529812D7DB011000D5521;
			productRefGroup = 1115298B2D7DB012000D5521 /* Products */;
			projectDirPath = "";
			projectRoot = "";
			targets = (
				111529892D7DB012000D5521 /* Tracker */,
			);
		};
/* End PBXProject section */

/* Begin PBXResourcesBuildPhase section */
		111529882D7DB012000D5521 /* Resources */ = {
			isa = PBXResourcesBuildPhase;
			buildActionMask = 2147483647;
			files = (
				113295C02D806EBE006B6A4C /* Main.storyboard in Resources */,
				111529972D7DB016000D5521 /* Assets.xcassets in Resources */,
				1115299A2D7DB016000D5521 /* Base in Resources */,
			);
			runOnlyForDeploymentPostprocessing = 0;
		};
/* End PBXResourcesBuildPhase section */

/* Begin PBXSourcesBuildPhase section */
		111529862D7DB012000D5521 /* Sources */ = {
			isa = PBXSourcesBuildPhase;
			buildActionMask = 2147483647;
			files = (
				11F841F22D9486D000A7737D /* Model.xcdatamodeld in Sources */,
				113295C32D807124006B6A4C /* TrackerCategory.swift in Sources */,
				11987F732D81E7C30084C3E8 /* TimetablePresenter.swift in Sources */,
				11F841F92D94872000A7737D /* TrackerCoreData+CoreDataClass.swift in Sources */,
				11F842012D94882100A7737D /* Protocols.swift in Sources */,
				11F841F52D94870700A7737D /* TrackerRecordCoreData+CoreDataClass.swift in Sources */,
				11F841F72D94871F00A7737D /* TrackerRecordCoreData+CoreDataProperties.swift in Sources */,
				11F841E22D94851E00A7737D /* ResizableCollectionView.swift in Sources */,
				111529922D7DB012000D5521 /* ViewController.swift in Sources */,
				113295C52D807154006B6A4C /* Tracker.swift in Sources */,
				111529A32D7DB24F000D5521 /* TabBarController.swift in Sources */,
				111529A62D7DB2B2000D5521 /* TrackersViewController.swift in Sources */,
				11F842032D94882B00A7737D /* Delegates.swift in Sources */,
				113295E82D8092D9006B6A4C /* TextFieldCell.swift in Sources */,
				1115298E2D7DB012000D5521 /* AppDelegate.swift in Sources */,
				11F841FD2D94872400A7737D /* TrackerCategoryCoreData+CoreDataClass.swift in Sources */,
				11F841E02D94847400A7737D /* TrackerCellViewModel.swift in Sources */,
				111529902D7DB012000D5521 /* SceneDelegate.swift in Sources */,
				113295CC2D807953006B6A4C /* TrackerTypePresenter.swift in Sources */,
				113295CA2D807915006B6A4C /* TrackerTypeViewController.swift in Sources */,
				11F841E42D94855800A7737D /* CollectionCell.swift in Sources */,
				113295D22D807E0F006B6A4C /* TrackerType.swift in Sources */,
				111529A82D7DB2CC000D5521 /* TrackersPresenter.swift in Sources */,
				11F842052D94887500A7737D /* TrackerServiceUpdate.swift in Sources */,
				11987F6F2D81E6960084C3E8 /* AddHabitPresenter.swift in Sources */,
				11F841FB2D94872200A7737D /* TrackerCoreData+CoreDataProperties.swift in Sources */,
				11987F7E2D81EB620084C3E8 /* Extensions.swift in Sources */,
				111529AA2D7DB312000D5521 /* StatisticsViewController.swift in Sources */,
				11F841EB2D94868300A7737D /* TrackerStore.swift in Sources */,
				113295E02D808EED006B6A4C /* SupplementaryView.swift in Sources */,
				113295E42D809086006B6A4C /* TrackerRecord.swift in Sources */,
				11987F672D81E5A90084C3E8 /* AddHabitViewController.swift in Sources */,
				11F841E82D9485AA00A7737D /* ColorsCollectionViewCell.swift in Sources */,
				11F841ED2D94869B00A7737D /* TrackerCategoryStore.swift in Sources */,
				113295E72D8092D9006B6A4C /* TableViewCell.swift in Sources */,
				11F841FF2D94872500A7737D /* TrackerCategoryCoreData+CoreDataProperties.swift in Sources */,
				113295C82D807406006B6A4C /* TrackerService.swift in Sources */,
				11F841EF2D9486B200A7737D /* TrackerRecordStore.swift in Sources */,
				11F841E62D94858500A7737D /* IconsCollectionViewCell.swift in Sources */,
				113295DD2D808E1C006B6A4C /* TrackerCollectionViewCell.swift in Sources */,
				11987F712D81E7980084C3E8 /* TimetableViewController.swift in Sources */,
			);
			runOnlyForDeploymentPostprocessing = 0;
		};
/* End PBXSourcesBuildPhase section */

/* Begin PBXVariantGroup section */
		111529982D7DB016000D5521 /* LaunchScreen.storyboard */ = {
			isa = PBXVariantGroup;
			children = (
				111529992D7DB016000D5521 /* Base */,
			);
			name = LaunchScreen.storyboard;
			sourceTree = "<group>";
		};
/* End PBXVariantGroup section */

/* Begin XCBuildConfiguration section */
		1115299C2D7DB016000D5521 /* Debug */ = {
			isa = XCBuildConfiguration;
			buildSettings = {
				ALWAYS_SEARCH_USER_PATHS = NO;
				ASSETCATALOG_COMPILER_GENERATE_SWIFT_ASSET_SYMBOL_EXTENSIONS = YES;
				CLANG_ANALYZER_NONNULL = YES;
				CLANG_ANALYZER_NUMBER_OBJECT_CONVERSION = YES_AGGRESSIVE;
				CLANG_CXX_LANGUAGE_STANDARD = "gnu++20";
				CLANG_ENABLE_MODULES = YES;
				CLANG_ENABLE_OBJC_ARC = YES;
				CLANG_ENABLE_OBJC_WEAK = YES;
				CLANG_WARN_BLOCK_CAPTURE_AUTORELEASING = YES;
				CLANG_WARN_BOOL_CONVERSION = YES;
				CLANG_WARN_COMMA = YES;
				CLANG_WARN_CONSTANT_CONVERSION = YES;
				CLANG_WARN_DEPRECATED_OBJC_IMPLEMENTATIONS = YES;
				CLANG_WARN_DIRECT_OBJC_ISA_USAGE = YES_ERROR;
				CLANG_WARN_DOCUMENTATION_COMMENTS = YES;
				CLANG_WARN_EMPTY_BODY = YES;
				CLANG_WARN_ENUM_CONVERSION = YES;
				CLANG_WARN_INFINITE_RECURSION = YES;
				CLANG_WARN_INT_CONVERSION = YES;
				CLANG_WARN_NON_LITERAL_NULL_CONVERSION = YES;
				CLANG_WARN_OBJC_IMPLICIT_RETAIN_SELF = YES;
				CLANG_WARN_OBJC_LITERAL_CONVERSION = YES;
				CLANG_WARN_OBJC_ROOT_CLASS = YES_ERROR;
				CLANG_WARN_QUOTED_INCLUDE_IN_FRAMEWORK_HEADER = YES;
				CLANG_WARN_RANGE_LOOP_ANALYSIS = YES;
				CLANG_WARN_STRICT_PROTOTYPES = YES;
				CLANG_WARN_SUSPICIOUS_MOVE = YES;
				CLANG_WARN_UNGUARDED_AVAILABILITY = YES_AGGRESSIVE;
				CLANG_WARN_UNREACHABLE_CODE = YES;
				CLANG_WARN__DUPLICATE_METHOD_MATCH = YES;
				COPY_PHASE_STRIP = NO;
				DEBUG_INFORMATION_FORMAT = dwarf;
				ENABLE_STRICT_OBJC_MSGSEND = YES;
				ENABLE_TESTABILITY = YES;
				ENABLE_USER_SCRIPT_SANDBOXING = YES;
				GCC_C_LANGUAGE_STANDARD = gnu17;
				GCC_DYNAMIC_NO_PIC = NO;
				GCC_NO_COMMON_BLOCKS = YES;
				GCC_OPTIMIZATION_LEVEL = 0;
				GCC_PREPROCESSOR_DEFINITIONS = (
					"DEBUG=1",
					"$(inherited)",
				);
				GCC_WARN_64_TO_32_BIT_CONVERSION = YES;
				GCC_WARN_ABOUT_RETURN_TYPE = YES_ERROR;
				GCC_WARN_UNDECLARED_SELECTOR = YES;
				GCC_WARN_UNINITIALIZED_AUTOS = YES_AGGRESSIVE;
				GCC_WARN_UNUSED_FUNCTION = YES;
				GCC_WARN_UNUSED_VARIABLE = YES;
				IPHONEOS_DEPLOYMENT_TARGET = 17.5;
				LOCALIZATION_PREFERS_STRING_CATALOGS = YES;
				MTL_ENABLE_DEBUG_INFO = INCLUDE_SOURCE;
				MTL_FAST_MATH = YES;
				ONLY_ACTIVE_ARCH = YES;
				SDKROOT = iphoneos;
				SWIFT_ACTIVE_COMPILATION_CONDITIONS = "DEBUG $(inherited)";
				SWIFT_OPTIMIZATION_LEVEL = "-Onone";
			};
			name = Debug;
		};
		1115299D2D7DB016000D5521 /* Release */ = {
			isa = XCBuildConfiguration;
			buildSettings = {
				ALWAYS_SEARCH_USER_PATHS = NO;
				ASSETCATALOG_COMPILER_GENERATE_SWIFT_ASSET_SYMBOL_EXTENSIONS = YES;
				CLANG_ANALYZER_NONNULL = YES;
				CLANG_ANALYZER_NUMBER_OBJECT_CONVERSION = YES_AGGRESSIVE;
				CLANG_CXX_LANGUAGE_STANDARD = "gnu++20";
				CLANG_ENABLE_MODULES = YES;
				CLANG_ENABLE_OBJC_ARC = YES;
				CLANG_ENABLE_OBJC_WEAK = YES;
				CLANG_WARN_BLOCK_CAPTURE_AUTORELEASING = YES;
				CLANG_WARN_BOOL_CONVERSION = YES;
				CLANG_WARN_COMMA = YES;
				CLANG_WARN_CONSTANT_CONVERSION = YES;
				CLANG_WARN_DEPRECATED_OBJC_IMPLEMENTATIONS = YES;
				CLANG_WARN_DIRECT_OBJC_ISA_USAGE = YES_ERROR;
				CLANG_WARN_DOCUMENTATION_COMMENTS = YES;
				CLANG_WARN_EMPTY_BODY = YES;
				CLANG_WARN_ENUM_CONVERSION = YES;
				CLANG_WARN_INFINITE_RECURSION = YES;
				CLANG_WARN_INT_CONVERSION = YES;
				CLANG_WARN_NON_LITERAL_NULL_CONVERSION = YES;
				CLANG_WARN_OBJC_IMPLICIT_RETAIN_SELF = YES;
				CLANG_WARN_OBJC_LITERAL_CONVERSION = YES;
				CLANG_WARN_OBJC_ROOT_CLASS = YES_ERROR;
				CLANG_WARN_QUOTED_INCLUDE_IN_FRAMEWORK_HEADER = YES;
				CLANG_WARN_RANGE_LOOP_ANALYSIS = YES;
				CLANG_WARN_STRICT_PROTOTYPES = YES;
				CLANG_WARN_SUSPICIOUS_MOVE = YES;
				CLANG_WARN_UNGUARDED_AVAILABILITY = YES_AGGRESSIVE;
				CLANG_WARN_UNREACHABLE_CODE = YES;
				CLANG_WARN__DUPLICATE_METHOD_MATCH = YES;
				COPY_PHASE_STRIP = NO;
				DEBUG_INFORMATION_FORMAT = "dwarf-with-dsym";
				ENABLE_NS_ASSERTIONS = NO;
				ENABLE_STRICT_OBJC_MSGSEND = YES;
				ENABLE_USER_SCRIPT_SANDBOXING = YES;
				GCC_C_LANGUAGE_STANDARD = gnu17;
				GCC_NO_COMMON_BLOCKS = YES;
				GCC_WARN_64_TO_32_BIT_CONVERSION = YES;
				GCC_WARN_ABOUT_RETURN_TYPE = YES_ERROR;
				GCC_WARN_UNDECLARED_SELECTOR = YES;
				GCC_WARN_UNINITIALIZED_AUTOS = YES_AGGRESSIVE;
				GCC_WARN_UNUSED_FUNCTION = YES;
				GCC_WARN_UNUSED_VARIABLE = YES;
				IPHONEOS_DEPLOYMENT_TARGET = 17.5;
				LOCALIZATION_PREFERS_STRING_CATALOGS = YES;
				MTL_ENABLE_DEBUG_INFO = NO;
				MTL_FAST_MATH = YES;
				SDKROOT = iphoneos;
				SWIFT_COMPILATION_MODE = wholemodule;
				VALIDATE_PRODUCT = YES;
			};
			name = Release;
		};
		1115299F2D7DB016000D5521 /* Debug */ = {
			isa = XCBuildConfiguration;
			buildSettings = {
				ASSETCATALOG_COMPILER_APPICON_NAME = AppIcon;
				ASSETCATALOG_COMPILER_GLOBAL_ACCENT_COLOR_NAME = AccentColor;
				CODE_SIGN_STYLE = Automatic;
				CURRENT_PROJECT_VERSION = 1;
				DEVELOPMENT_TEAM = KCQF7ULD8F;
				GENERATE_INFOPLIST_FILE = YES;
				INFOPLIST_FILE = Tracker/Info.plist;
				INFOPLIST_KEY_UIApplicationSupportsIndirectInputEvents = YES;
				INFOPLIST_KEY_UILaunchStoryboardName = LaunchScreen;
				INFOPLIST_KEY_UIMainStoryboardFile = Main;
				INFOPLIST_KEY_UISupportedInterfaceOrientations_iPad = "UIInterfaceOrientationPortrait UIInterfaceOrientationPortraitUpsideDown UIInterfaceOrientationLandscapeLeft UIInterfaceOrientationLandscapeRight";
				INFOPLIST_KEY_UISupportedInterfaceOrientations_iPhone = "UIInterfaceOrientationPortrait UIInterfaceOrientationLandscapeLeft UIInterfaceOrientationLandscapeRight";
				IPHONEOS_DEPLOYMENT_TARGET = 13.4;
				LD_RUNPATH_SEARCH_PATHS = (
					"$(inherited)",
					"@executable_path/Frameworks",
				);
				MARKETING_VERSION = 1.0;
				PRODUCT_BUNDLE_IDENTIFIER = ru.yandex.practicum.Tracker;
				PRODUCT_NAME = "$(TARGET_NAME)";
				SWIFT_EMIT_LOC_STRINGS = YES;
				SWIFT_VERSION = 5.0;
				TARGETED_DEVICE_FAMILY = "1,2";
			};
			name = Debug;
		};
		111529A02D7DB016000D5521 /* Release */ = {
			isa = XCBuildConfiguration;
			buildSettings = {
				ASSETCATALOG_COMPILER_APPICON_NAME = AppIcon;
				ASSETCATALOG_COMPILER_GLOBAL_ACCENT_COLOR_NAME = AccentColor;
				CODE_SIGN_STYLE = Automatic;
				CURRENT_PROJECT_VERSION = 1;
				DEVELOPMENT_TEAM = KCQF7ULD8F;
				GENERATE_INFOPLIST_FILE = YES;
				INFOPLIST_FILE = Tracker/Info.plist;
				INFOPLIST_KEY_UIApplicationSupportsIndirectInputEvents = YES;
				INFOPLIST_KEY_UILaunchStoryboardName = LaunchScreen;
				INFOPLIST_KEY_UIMainStoryboardFile = Main;
				INFOPLIST_KEY_UISupportedInterfaceOrientations_iPad = "UIInterfaceOrientationPortrait UIInterfaceOrientationPortraitUpsideDown UIInterfaceOrientationLandscapeLeft UIInterfaceOrientationLandscapeRight";
				INFOPLIST_KEY_UISupportedInterfaceOrientations_iPhone = "UIInterfaceOrientationPortrait UIInterfaceOrientationLandscapeLeft UIInterfaceOrientationLandscapeRight";
				IPHONEOS_DEPLOYMENT_TARGET = 13.4;
				LD_RUNPATH_SEARCH_PATHS = (
					"$(inherited)",
					"@executable_path/Frameworks",
				);
				MARKETING_VERSION = 1.0;
				PRODUCT_BUNDLE_IDENTIFIER = ru.yandex.practicum.Tracker;
				PRODUCT_NAME = "$(TARGET_NAME)";
				SWIFT_EMIT_LOC_STRINGS = YES;
				SWIFT_VERSION = 5.0;
				TARGETED_DEVICE_FAMILY = "1,2";
			};
			name = Release;
		};
/* End XCBuildConfiguration section */

/* Begin XCConfigurationList section */
		111529852D7DB011000D5521 /* Build configuration list for PBXProject "Tracker" */ = {
			isa = XCConfigurationList;
			buildConfigurations = (
				1115299C2D7DB016000D5521 /* Debug */,
				1115299D2D7DB016000D5521 /* Release */,
			);
			defaultConfigurationIsVisible = 0;
			defaultConfigurationName = Release;
		};
		1115299E2D7DB016000D5521 /* Build configuration list for PBXNativeTarget "Tracker" */ = {
			isa = XCConfigurationList;
			buildConfigurations = (
				1115299F2D7DB016000D5521 /* Debug */,
				111529A02D7DB016000D5521 /* Release */,
			);
			defaultConfigurationIsVisible = 0;
			defaultConfigurationName = Release;
		};
/* End XCConfigurationList section */

/* Begin XCVersionGroup section */
		11F841F02D9486D000A7737D /* Model.xcdatamodeld */ = {
			isa = XCVersionGroup;
			children = (
				11F841F12D9486D000A7737D /* Model.xcdatamodel */,
			);
			currentVersion = 11F841F12D9486D000A7737D /* Model.xcdatamodel */;
			name = Model.xcdatamodeld;
			path = "/Users/alexander/Sites/Tracker-ios/Tracker/CoreData/Model.xcdatamodeld";
			sourceTree = "<group>";
			versionGroupType = wrapper.xcdatamodel;
		};
/* End XCVersionGroup section */
	};
	rootObject = 111529822D7DB011000D5521 /* Project object */;
}
